
Microsoft Visual Studio Solution File, Format Version 12.00
# Visual Studio 15
VisualStudioVersion = 15.0.27428.2043
MinimumVisualStudioVersion = 10.0.40219.1
Project("{FAE04EC0-301F-11D3-BF4B-00C04F79EFBC}") = "AngularDemo", "AngularDemo\AngularDemo.csproj", "{120947CC-C75A-416A-90B5-4072E21CEA2D}"
EndProject
Global
	GlobalSection(SolutionConfigurationPlatforms) = preSolution
		Debug|Any CPU = Debug|Any CPU
		Release|Any CPU = Release|Any CPU
	EndGlobalSection
	GlobalSection(ProjectConfigurationPlatforms) = postSolution
		{120947CC-C75A-416A-90B5-4072E21CEA2D}.Debug|Any CPU.ActiveCfg = Debug|Any CPU
		{120947CC-C75A-416A-90B5-4072E21CEA2D}.Debug|Any CPU.Build.0 = Debug|Any CPU
		{120947CC-C75A-416A-90B5-4072E21CEA2D}.Release|Any CPU.ActiveCfg = Release|Any CPU
		{120947CC-C75A-416A-90B5-4072E21CEA2D}.Release|Any CPU.Build.0 = Release|Any CPU
	EndGlobalSection
	GlobalSection(SolutionProperties) = preSolution
		HideSolutionNode = FALSE
	EndGlobalSection
	GlobalSection(ExtensibilityGlobals) = postSolution
		SolutionGuid = {8EFB6462-10B2-4008-978F-1320957DAAB0}
	EndGlobalSection
EndGlobal
